
Microsoft Visual Studio Solution File, Format Version 12.00
Project("{FAE04EC0-301F-11D3-BF4B-00C04F79EFBC}") = "Core", "Core\Core.csproj", "{F1A87AFF-820C-468F-AEBC-C90B5FED2669}"
EndProject
Project("{2150E333-8FDC-42A3-9474-1A3956D46DE8}") = "Solution Files", "Solution Files", "{F348CBD7-4174-492A-AD3E-C41146EA79B1}"
	ProjectSection(SolutionItems) = preProject
		ReadMe.md = ReadMe.md
		global.json = global.json
	EndProjectSection
EndProject
Global
	GlobalSection(SolutionConfigurationPlatforms) = preSolution
		Debug|Any CPU = Debug|Any CPU
		Release|Any CPU = Release|Any CPU
	EndGlobalSection
	GlobalSection(ProjectConfigurationPlatforms) = postSolution
		{F1A87AFF-820C-468F-AEBC-C90B5FED2669}.Debug|Any CPU.ActiveCfg = Debug|Any CPU
		{F1A87AFF-820C-468F-AEBC-C90B5FED2669}.Debug|Any CPU.Build.0 = Debug|Any CPU
		{F1A87AFF-820C-468F-AEBC-C90B5FED2669}.Release|Any CPU.ActiveCfg = Release|Any CPU
		{F1A87AFF-820C-468F-AEBC-C90B5FED2669}.Release|Any CPU.Build.0 = Release|Any CPU
	EndGlobalSection
EndGlobal
